
Microsoft Visual Studio Solution File, Format Version 12.00
Project("{FAE04EC0-301F-11D3-BF4B-00C04F79EFBC}") = "Blog", "Blog\Blog.csproj", "{ED8C6C53-77FB-4556-9705-AEF49876E3EB}"
EndProject
Project("{FAE04EC0-301F-11D3-BF4B-00C04F79EFBC}") = "Blog.Controllers", "Blog.Controllers\Blog.Controllers.csproj", "{C897EEFB-41F1-40B8-9A77-0130290EA344}"
EndProject
Project("{FAE04EC0-301F-11D3-BF4B-00C04F79EFBC}") = "Blog.DAL", "Blog.DAL\Blog.DAL.csproj", "{D4273253-31DC-4A8D-9CE9-DA363526B6BB}"
EndProject
Global
	GlobalSection(SolutionConfigurationPlatforms) = preSolution
		Debug|Any CPU = Debug|Any CPU
		Release|Any CPU = Release|Any CPU
	EndGlobalSection
	GlobalSection(ProjectConfigurationPlatforms) = postSolution
		{ED8C6C53-77FB-4556-9705-AEF49876E3EB}.Debug|Any CPU.ActiveCfg = Debug|Any CPU
		{ED8C6C53-77FB-4556-9705-AEF49876E3EB}.Debug|Any CPU.Build.0 = Debug|Any CPU
		{ED8C6C53-77FB-4556-9705-AEF49876E3EB}.Release|Any CPU.ActiveCfg = Release|Any CPU
		{ED8C6C53-77FB-4556-9705-AEF49876E3EB}.Release|Any CPU.Build.0 = Release|Any CPU
		{C897EEFB-41F1-40B8-9A77-0130290EA344}.Debug|Any CPU.ActiveCfg = Debug|Any CPU
		{C897EEFB-41F1-40B8-9A77-0130290EA344}.Debug|Any CPU.Build.0 = Debug|Any CPU
		{C897EEFB-41F1-40B8-9A77-0130290EA344}.Release|Any CPU.ActiveCfg = Release|Any CPU
		{C897EEFB-41F1-40B8-9A77-0130290EA344}.Release|Any CPU.Build.0 = Release|Any CPU
		{D4273253-31DC-4A8D-9CE9-DA363526B6BB}.Debug|Any CPU.ActiveCfg = Debug|Any CPU
		{D4273253-31DC-4A8D-9CE9-DA363526B6BB}.Debug|Any CPU.Build.0 = Debug|Any CPU
		{D4273253-31DC-4A8D-9CE9-DA363526B6BB}.Release|Any CPU.ActiveCfg = Release|Any CPU
		{D4273253-31DC-4A8D-9CE9-DA363526B6BB}.Release|Any CPU.Build.0 = Release|Any CPU
	EndGlobalSection
EndGlobal
